// !$*UTF8*$!
{
	archiveVersion = 1;
	classes = {
	};
	objectVersion = 50;
	objects = {

/* Begin PBXBuildFile section */
		0801073324CAC3600002CCE4 /* MultilangueApp.swift in Sources */ = {isa = PBXBuildFile; fileRef = 0801072024CAC35F0002CCE4 /* MultilangueApp.swift */; };
		0801073424CAC3600002CCE4 /* MultilangueApp.swift in Sources */ = {isa = PBXBuildFile; fileRef = 0801072024CAC35F0002CCE4 /* MultilangueApp.swift */; };
		0801073524CAC3600002CCE4 /* ContentView.swift in Sources */ = {isa = PBXBuildFile; fileRef = 0801072124CAC35F0002CCE4 /* ContentView.swift */; };
		0801073624CAC3600002CCE4 /* ContentView.swift in Sources */ = {isa = PBXBuildFile; fileRef = 0801072124CAC35F0002CCE4 /* ContentView.swift */; };
		0801073724CAC3600002CCE4 /* Assets.xcassets in Resources */ = {isa = PBXBuildFile; fileRef = 0801072224CAC3600002CCE4 /* Assets.xcassets */; };
		0801073824CAC3600002CCE4 /* Assets.xcassets in Resources */ = {isa = PBXBuildFile; fileRef = 0801072224CAC3600002CCE4 /* Assets.xcassets */; };
		0801074424CAC5FD0002CCE4 /* Localizable.strings in Resources */ = {isa = PBXBuildFile; fileRef = 0801074724CAC5FD0002CCE4 /* Localizable.strings */; };
		0801074524CAC5FD0002CCE4 /* Localizable.strings in Resources */ = {isa = PBXBuildFile; fileRef = 0801074724CAC5FD0002CCE4 /* Localizable.strings */; };
		0801074B24CACE7F0002CCE4 /* Localize.swift in Sources */ = {isa = PBXBuildFile; fileRef = 0801074A24CACE7F0002CCE4 /* Localize.swift */; };
		0801074C24CACE7F0002CCE4 /* Localize.swift in Sources */ = {isa = PBXBuildFile; fileRef = 0801074A24CACE7F0002CCE4 /* Localize.swift */; };
/* End PBXBuildFile section */

/* Begin PBXFileReference section */
		0801072024CAC35F0002CCE4 /* MultilangueApp.swift */ = {isa = PBXFileReference; lastKnownFileType = sourcecode.swift; path = MultilangueApp.swift; sourceTree = "<group>"; };
		0801072124CAC35F0002CCE4 /* ContentView.swift */ = {isa = PBXFileReference; lastKnownFileType = sourcecode.swift; path = ContentView.swift; sourceTree = "<group>"; };
		0801072224CAC3600002CCE4 /* Assets.xcassets */ = {isa = PBXFileReference; lastKnownFileType = folder.assetcatalog; path = Assets.xcassets; sourceTree = "<group>"; };
		0801072724CAC3600002CCE4 /* Multilangue.app */ = {isa = PBXFileReference; explicitFileType = wrapper.application; includeInIndex = 0; path = Multilangue.app; sourceTree = BUILT_PRODUCTS_DIR; };
		0801072A24CAC3600002CCE4 /* Info.plist */ = {isa = PBXFileReference; lastKnownFileType = text.plist.xml; path = Info.plist; sourceTree = "<group>"; };
		0801072F24CAC3600002CCE4 /* Multilangue.app */ = {isa = PBXFileReference; explicitFileType = wrapper.application; includeInIndex = 0; path = Multilangue.app; sourceTree = BUILT_PRODUCTS_DIR; };
		0801073124CAC3600002CCE4 /* Info.plist */ = {isa = PBXFileReference; lastKnownFileType = text.plist.xml; path = Info.plist; sourceTree = "<group>"; };
		0801073224CAC3600002CCE4 /* macOS.entitlements */ = {isa = PBXFileReference; lastKnownFileType = text.plist.entitlements; path = macOS.entitlements; sourceTree = "<group>"; };
		0801074624CAC5FD0002CCE4 /* en */ = {isa = PBXFileReference; lastKnownFileType = text.plist.strings; name = en; path = en.lproj/Localizable.strings; sourceTree = "<group>"; };
		0801074924CAC97A0002CCE4 /* fr */ = {isa = PBXFileReference; lastKnownFileType = text.plist.strings; name = fr; path = fr.lproj/Localizable.strings; sourceTree = "<group>"; };
		0801074A24CACE7F0002CCE4 /* Localize.swift */ = {isa = PBXFileReference; lastKnownFileType = sourcecode.swift; path = Localize.swift; sourceTree = "<group>"; };
/* End PBXFileReference section */

/* Begin PBXFrameworksBuildPhase section */
		0801072424CAC3600002CCE4 /* Frameworks */ = {
			isa = PBXFrameworksBuildPhase;
			buildActionMask = 2147483647;
			files = (
			);
			runOnlyForDeploymentPostprocessing = 0;
		};
		0801072C24CAC3600002CCE4 /* Frameworks */ = {
			isa = PBXFrameworksBuildPhase;
			buildActionMask = 2147483647;
			files = (
			);
			runOnlyForDeploymentPostprocessing = 0;
		};
/* End PBXFrameworksBuildPhase section */

/* Begin PBXGroup section */
		0801071A24CAC35F0002CCE4 = {
			isa = PBXGroup;
			children = (
				0801071F24CAC35F0002CCE4 /* Shared */,
				0801072924CAC3600002CCE4 /* iOS */,
				0801073024CAC3600002CCE4 /* macOS */,
				0801072824CAC3600002CCE4 /* Products */,
			);
			sourceTree = "<group>";
		};
		0801071F24CAC35F0002CCE4 /* Shared */ = {
			isa = PBXGroup;
			children = (
				0801072024CAC35F0002CCE4 /* MultilangueApp.swift */,
				0801072124CAC35F0002CCE4 /* ContentView.swift */,
				0801072224CAC3600002CCE4 /* Assets.xcassets */,
				0801074724CAC5FD0002CCE4 /* Localizable.strings */,
				0801074A24CACE7F0002CCE4 /* Localize.swift */,
			);
			path = Shared;
			sourceTree = "<group>";
		};
		0801072824CAC3600002CCE4 /* Products */ = {
			isa = PBXGroup;
			children = (
				0801072724CAC3600002CCE4 /* Multilangue.app */,
				0801072F24CAC3600002CCE4 /* Multilangue.app */,
			);
			name = Products;
			sourceTree = "<group>";
		};
		0801072924CAC3600002CCE4 /* iOS */ = {
			isa = PBXGroup;
			children = (
				0801072A24CAC3600002CCE4 /* Info.plist */,
			);
			path = iOS;
			sourceTree = "<group>";
		};
		0801073024CAC3600002CCE4 /* macOS */ = {
			isa = PBXGroup;
			children = (
				0801073124CAC3600002CCE4 /* Info.plist */,
				0801073224CAC3600002CCE4 /* macOS.entitlements */,
			);
			path = macOS;
			sourceTree = "<group>";
		};
/* End PBXGroup section */

/* Begin PBXNativeTarget section */
		0801072624CAC3600002CCE4 /* Multilangue (iOS) */ = {
			isa = PBXNativeTarget;
			buildConfigurationList = 0801073B24CAC3600002CCE4 /* Build configuration list for PBXNativeTarget "Multilangue (iOS)" */;
			buildPhases = (
				0801072324CAC3600002CCE4 /* Sources */,
				0801072424CAC3600002CCE4 /* Frameworks */,
				0801072524CAC3600002CCE4 /* Resources */,
			);
			buildRules = (
			);
			dependencies = (
			);
			name = "Multilangue (iOS)";
			productName = "Multilangue (iOS)";
			productReference = 0801072724CAC3600002CCE4 /* Multilangue.app */;
			productType = "com.apple.product-type.application";
		};
		0801072E24CAC3600002CCE4 /* Multilangue (macOS) */ = {
			isa = PBXNativeTarget;
			buildConfigurationList = 0801073E24CAC3600002CCE4 /* Build configuration list for PBXNativeTarget "Multilangue (macOS)" */;
			buildPhases = (
				0801072B24CAC3600002CCE4 /* Sources */,
				0801072C24CAC3600002CCE4 /* Frameworks */,
				0801072D24CAC3600002CCE4 /* Resources */,
			);
			buildRules = (
			);
			dependencies = (
			);
			name = "Multilangue (macOS)";
			productName = "Multilangue (macOS)";
			productReference = 0801072F24CAC3600002CCE4 /* Multilangue.app */;
			productType = "com.apple.product-type.application";
		};
/* End PBXNativeTarget section */

/* Begin PBXProject section */
		0801071B24CAC35F0002CCE4 /* Project object */ = {
			isa = PBXProject;
			attributes = {
				LastSwiftUpdateCheck = 1200;
				LastUpgradeCheck = 1200;
				TargetAttributes = {
					0801072624CAC3600002CCE4 = {
						CreatedOnToolsVersion = 12.0;
					};
					0801072E24CAC3600002CCE4 = {
						CreatedOnToolsVersion = 12.0;
					};
				};
			};
			buildConfigurationList = 0801071E24CAC35F0002CCE4 /* Build configuration list for PBXProject "Multilangue" */;
			compatibilityVersion = "Xcode 9.3";
			developmentRegion = en;
			hasScannedForEncodings = 0;
			knownRegions = (
				en,
				fr,
				Base,
			);
			mainGroup = 0801071A24CAC35F0002CCE4;
			productRefGroup = 0801072824CAC3600002CCE4 /* Products */;
			projectDirPath = "";
			projectRoot = "";
			targets = (
				0801072624CAC3600002CCE4 /* Multilangue (iOS) */,
				0801072E24CAC3600002CCE4 /* Multilangue (macOS) */,
			);
		};
/* End PBXProject section */

/* Begin PBXResourcesBuildPhase section */
		0801072524CAC3600002CCE4 /* Resources */ = {
			isa = PBXResourcesBuildPhase;
			buildActionMask = 2147483647;
			files = (
				0801073724CAC3600002CCE4 /* Assets.xcassets in Resources */,
				0801074424CAC5FD0002CCE4 /* Localizable.strings in Resources */,
			);
			runOnlyForDeploymentPostprocessing = 0;
		};
		0801072D24CAC3600002CCE4 /* Resources */ = {
			isa = PBXResourcesBuildPhase;
			buildActionMask = 2147483647;
			files = (
				0801073824CAC3600002CCE4 /* Assets.xcassets in Resources */,
				0801074524CAC5FD0002CCE4 /* Localizable.strings in Resources */,
			);
			runOnlyForDeploymentPostprocessing = 0;
		};
/* End PBXResourcesBuildPhase section */

/* Begin PBXSourcesBuildPhase section */
		0801072324CAC3600002CCE4 /* Sources */ = {
			isa = PBXSourcesBuildPhase;
			buildActionMask = 2147483647;
			files = (
				0801074B24CACE7F0002CCE4 /* Localize.swift in Sources */,
				0801073524CAC3600002CCE4 /* ContentView.swift in Sources */,
				0801073324CAC3600002CCE4 /* MultilangueApp.swift in Sources */,
			);
			runOnlyForDeploymentPostprocessing = 0;
		};
		0801072B24CAC3600002CCE4 /* Sources */ = {
			isa = PBXSourcesBuildPhase;
			buildActionMask = 2147483647;
			files = (
				0801074C24CACE7F0002CCE4 /* Localize.swift in Sources */,
				0801073624CAC3600002CCE4 /* ContentView.swift in Sources */,
				0801073424CAC3600002CCE4 /* MultilangueApp.swift in Sources */,
			);
			runOnlyForDeploymentPostprocessing = 0;
		};
/* End PBXSourcesBuildPhase section */

/* Begin PBXVariantGroup section */
		0801074724CAC5FD0002CCE4 /* Localizable.strings */ = {
			isa = PBXVariantGroup;
			children = (
				0801074624CAC5FD0002CCE4 /* en */,
				0801074924CAC97A0002CCE4 /* fr */,
			);
			name = Localizable.strings;
			sourceTree = "<group>";
		};
/* End PBXVariantGroup section */

/* Begin XCBuildConfiguration section */
		0801073924CAC3600002CCE4 /* Debug */ = {
			isa = XCBuildConfiguration;
			buildSettings = {
				ALWAYS_SEARCH_USER_PATHS = NO;
				CLANG_ANALYZER_NONNULL = YES;
				CLANG_ANALYZER_NUMBER_OBJECT_CONVERSION = YES_AGGRESSIVE;
				CLANG_CXX_LANGUAGE_STANDARD = "gnu++14";
				CLANG_CXX_LIBRARY = "libc++";
				CLANG_ENABLE_MODULES = YES;
				CLANG_ENABLE_OBJC_ARC = YES;
				CLANG_ENABLE_OBJC_WEAK = YES;
				CLANG_WARN_BLOCK_CAPTURE_AUTORELEASING = YES;
				CLANG_WARN_BOOL_CONVERSION = YES;
				CLANG_WARN_COMMA = YES;
				CLANG_WARN_CONSTANT_CONVERSION = YES;
				CLANG_WARN_DEPRECATED_OBJC_IMPLEMENTATIONS = YES;
				CLANG_WARN_DIRECT_OBJC_ISA_USAGE = YES_ERROR;
				CLANG_WARN_DOCUMENTATION_COMMENTS = YES;
				CLANG_WARN_EMPTY_BODY = YES;
				CLANG_WARN_ENUM_CONVERSION = YES;
				CLANG_WARN_INFINITE_RECURSION = YES;
				CLANG_WARN_INT_CONVERSION = YES;
				CLANG_WARN_NON_LITERAL_NULL_CONVERSION = YES;
				CLANG_WARN_OBJC_IMPLICIT_RETAIN_SELF = YES;
				CLANG_WARN_OBJC_LITERAL_CONVERSION = YES;
				CLANG_WARN_OBJC_ROOT_CLASS = YES_ERROR;
				CLANG_WARN_QUOTED_INCLUDE_IN_FRAMEWORK_HEADER = YES;
				CLANG_WARN_RANGE_LOOP_ANALYSIS = YES;
				CLANG_WARN_STRICT_PROTOTYPES = YES;
				CLANG_WARN_SUSPICIOUS_MOVE = YES;
				CLANG_WARN_UNGUARDED_AVAILABILITY = YES_AGGRESSIVE;
				CLANG_WARN_UNREACHABLE_CODE = YES;
				CLANG_WARN__DUPLICATE_METHOD_MATCH = YES;
				COPY_PHASE_STRIP = NO;
				DEBUG_INFORMATION_FORMAT = dwarf;
				ENABLE_STRICT_OBJC_MSGSEND = YES;
				ENABLE_TESTABILITY = YES;
				GCC_C_LANGUAGE_STANDARD = gnu11;
				GCC_DYNAMIC_NO_PIC = NO;
				GCC_NO_COMMON_BLOCKS = YES;
				GCC_OPTIMIZATION_LEVEL = 0;
				GCC_PREPROCESSOR_DEFINITIONS = (
					"DEBUG=1",
					"$(inherited)",
				);
				GCC_WARN_64_TO_32_BIT_CONVERSION = YES;
				GCC_WARN_ABOUT_RETURN_TYPE = YES_ERROR;
				GCC_WARN_UNDECLARED_SELECTOR = YES;
				GCC_WARN_UNINITIALIZED_AUTOS = YES_AGGRESSIVE;
				GCC_WARN_UNUSED_FUNCTION = YES;
				GCC_WARN_UNUSED_VARIABLE = YES;
				MTL_ENABLE_DEBUG_INFO = INCLUDE_SOURCE;
				MTL_FAST_MATH = YES;
				ONLY_ACTIVE_ARCH = YES;
				SWIFT_ACTIVE_COMPILATION_CONDITIONS = DEBUG;
				SWIFT_OPTIMIZATION_LEVEL = "-Onone";
			};
			name = Debug;
		};
		0801073A24CAC3600002CCE4 /* Release */ = {
			isa = XCBuildConfiguration;
			buildSettings = {
				ALWAYS_SEARCH_USER_PATHS = NO;
				CLANG_ANALYZER_NONNULL = YES;
				CLANG_ANALYZER_NUMBER_OBJECT_CONVERSION = YES_AGGRESSIVE;
				CLANG_CXX_LANGUAGE_STANDARD = "gnu++14";
				CLANG_CXX_LIBRARY = "libc++";
				CLANG_ENABLE_MODULES = YES;
				CLANG_ENABLE_OBJC_ARC = YES;
				CLANG_ENABLE_OBJC_WEAK = YES;
				CLANG_WARN_BLOCK_CAPTURE_AUTORELEASING = YES;
				CLANG_WARN_BOOL_CONVERSION = YES;
				CLANG_WARN_COMMA = YES;
				CLANG_WARN_CONSTANT_CONVERSION = YES;
				CLANG_WARN_DEPRECATED_OBJC_IMPLEMENTATIONS = YES;
				CLANG_WARN_DIRECT_OBJC_ISA_USAGE = YES_ERROR;
				CLANG_WARN_DOCUMENTATION_COMMENTS = YES;
				CLANG_WARN_EMPTY_BODY = YES;
				CLANG_WARN_ENUM_CONVERSION = YES;
				CLANG_WARN_INFINITE_RECURSION = YES;
				CLANG_WARN_INT_CONVERSION = YES;
				CLANG_WARN_NON_LITERAL_NULL_CONVERSION = YES;
				CLANG_WARN_OBJC_IMPLICIT_RETAIN_SELF = YES;
				CLANG_WARN_OBJC_LITERAL_CONVERSION = YES;
				CLANG_WARN_OBJC_ROOT_CLASS = YES_ERROR;
				CLANG_WARN_QUOTED_INCLUDE_IN_FRAMEWORK_HEADER = YES;
				CLANG_WARN_RANGE_LOOP_ANALYSIS = YES;
				CLANG_WARN_STRICT_PROTOTYPES = YES;
				CLANG_WARN_SUSPICIOUS_MOVE = YES;
				CLANG_WARN_UNGUARDED_AVAILABILITY = YES_AGGRESSIVE;
				CLANG_WARN_UNREACHABLE_CODE = YES;
				CLANG_WARN__DUPLICATE_METHOD_MATCH = YES;
				COPY_PHASE_STRIP = NO;
				DEBUG_INFORMATION_FORMAT = "dwarf-with-dsym";
				ENABLE_NS_ASSERTIONS = NO;
				ENABLE_STRICT_OBJC_MSGSEND = YES;
				GCC_C_LANGUAGE_STANDARD = gnu11;
				GCC_NO_COMMON_BLOCKS = YES;
				GCC_WARN_64_TO_32_BIT_CONVERSION = YES;
				GCC_WARN_ABOUT_RETURN_TYPE = YES_ERROR;
				GCC_WARN_UNDECLARED_SELECTOR = YES;
				GCC_WARN_UNINITIALIZED_AUTOS = YES_AGGRESSIVE;
				GCC_WARN_UNUSED_FUNCTION = YES;
				GCC_WARN_UNUSED_VARIABLE = YES;
				MTL_ENABLE_DEBUG_INFO = NO;
				MTL_FAST_MATH = YES;
				SWIFT_COMPILATION_MODE = wholemodule;
				SWIFT_OPTIMIZATION_LEVEL = "-O";
			};
			name = Release;
		};
		0801073C24CAC3600002CCE4 /* Debug */ = {
			isa = XCBuildConfiguration;
			buildSettings = {
				ASSETCATALOG_COMPILER_APPICON_NAME = AppIcon;
				ASSETCATALOG_COMPILER_GLOBAL_ACCENT_COLOR_NAME = AccentColor;
				CODE_SIGN_STYLE = Automatic;
				DEVELOPMENT_TEAM = Q3T485N255;
				ENABLE_PREVIEWS = YES;
				INFOPLIST_FILE = iOS/Info.plist;
				IPHONEOS_DEPLOYMENT_TARGET = 14.0;
				LD_RUNPATH_SEARCH_PATHS = (
					"$(inherited)",
					"@executable_path/Frameworks",
				);
				PRODUCT_BUNDLE_IDENTIFIER = com.codabee.Multilangue;
				PRODUCT_NAME = Multilangue;
				SDKROOT = iphoneos;
				SWIFT_VERSION = 5.0;
				TARGETED_DEVICE_FAMILY = "1,2";
			};
			name = Debug;
		};
		0801073D24CAC3600002CCE4 /* Release */ = {
			isa = XCBuildConfiguration;
			buildSettings = {
				ASSETCATALOG_COMPILER_APPICON_NAME = AppIcon;
				ASSETCATALOG_COMPILER_GLOBAL_ACCENT_COLOR_NAME = AccentColor;
				CODE_SIGN_STYLE = Automatic;
				DEVELOPMENT_TEAM = Q3T485N255;
				ENABLE_PREVIEWS = YES;
				INFOPLIST_FILE = iOS/Info.plist;
				IPHONEOS_DEPLOYMENT_TARGET = 14.0;
				LD_RUNPATH_SEARCH_PATHS = (
					"$(inherited)",
					"@executable_path/Frameworks",
				);
				PRODUCT_BUNDLE_IDENTIFIER = com.codabee.Multilangue;
				PRODUCT_NAME = Multilangue;
				SDKROOT = iphoneos;
				SWIFT_VERSION = 5.0;
				TARGETED_DEVICE_FAMILY = "1,2";
				VALIDATE_PRODUCT = YES;
			};
			name = Release;
		};
		0801073F24CAC3600002CCE4 /* Debug */ = {
			isa = XCBuildConfiguration;
			buildSettings = {
				ASSETCATALOG_COMPILER_APPICON_NAME = AppIcon;
				ASSETCATALOG_COMPILER_GLOBAL_ACCENT_COLOR_NAME = AccentColor;
				CODE_SIGN_ENTITLEMENTS = macOS/macOS.entitlements;
				CODE_SIGN_STYLE = Automatic;
				COMBINE_HIDPI_IMAGES = YES;
				DEVELOPMENT_TEAM = Q3T485N255;
				ENABLE_HARDENED_RUNTIME = YES;
				ENABLE_PREVIEWS = YES;
				INFOPLIST_FILE = macOS/Info.plist;
				LD_RUNPATH_SEARCH_PATHS = (
					"$(inherited)",
					"@executable_path/../Frameworks",
				);
				MACOSX_DEPLOYMENT_TARGET = 10.16;
				PRODUCT_BUNDLE_IDENTIFIER = com.codabee.Multilangue;
				PRODUCT_NAME = Multilangue;
				SDKROOT = macosx;
				SWIFT_VERSION = 5.0;
			};
			name = Debug;
		};
		0801074024CAC3600002CCE4 /* Release */ = {
			isa = XCBuildConfiguration;
			buildSettings = {
				ASSETCATALOG_COMPILER_APPICON_NAME = AppIcon;
				ASSETCATALOG_COMPILER_GLOBAL_ACCENT_COLOR_NAME = AccentColor;
				CODE_SIGN_ENTITLEMENTS = macOS/macOS.entitlements;
				CODE_SIGN_STYLE = Automatic;
				COMBINE_HIDPI_IMAGES = YES;
				DEVELOPMENT_TEAM = Q3T485N255;
				ENABLE_HARDENED_RUNTIME = YES;
				ENABLE_PREVIEWS = YES;
				INFOPLIST_FILE = macOS/Info.plist;
				LD_RUNPATH_SEARCH_PATHS = (
					"$(inherited)",
					"@executable_path/../Frameworks",
				);
				MACOSX_DEPLOYMENT_TARGET = 10.16;
				PRODUCT_BUNDLE_IDENTIFIER = com.codabee.Multilangue;
				PRODUCT_NAME = Multilangue;
				SDKROOT = macosx;
				SWIFT_VERSION = 5.0;
			};
			name = Release;
		};
/* End XCBuildConfiguration section */

/* Begin XCConfigurationList section */
		0801071E24CAC35F0002CCE4 /* Build configuration list for PBXProject "Multilangue" */ = {
			isa = XCConfigurationList;
			buildConfigurations = (
				0801073924CAC3600002CCE4 /* Debug */,
				0801073A24CAC3600002CCE4 /* Release */,
			);
			defaultConfigurationIsVisible = 0;
			defaultConfigurationName = Release;
		};
		0801073B24CAC3600002CCE4 /* Build configuration list for PBXNativeTarget "Multilangue (iOS)" */ = {
			isa = XCConfigurationList;
			buildConfigurations = (
				0801073C24CAC3600002CCE4 /* Debug */,
				0801073D24CAC3600002CCE4 /* Release */,
			);
			defaultConfigurationIsVisible = 0;
			defaultConfigurationName = Release;
		};
		0801073E24CAC3600002CCE4 /* Build configuration list for PBXNativeTarget "Multilangue (macOS)" */ = {
			isa = XCConfigurationList;
			buildConfigurations = (
				0801073F24CAC3600002CCE4 /* Debug */,
				0801074024CAC3600002CCE4 /* Release */,
			);
			defaultConfigurationIsVisible = 0;
			defaultConfigurationName = Release;
		};
/* End XCConfigurationList section */
	};
	rootObject = 0801071B24CAC35F0002CCE4 /* Project object */;
}
